
Microsoft Visual Studio Solution File, Format Version 12.00
# Visual Studio Version 16
VisualStudioVersion = 16.0.29519.87
MinimumVisualStudioVersion = 10.0.40219.1
Project("{FAE04EC0-301F-11D3-BF4B-00C04F79EFBC}") = "PyroPizza", "PyroPizza\PyroPizza.csproj", "{39F2446B-6905-47B4-8EDD-91B978D6869F}"
EndProject
Global
	GlobalSection(SolutionConfigurationPlatforms) = preSolution
		Debug|Any CPU = Debug|Any CPU
		Release|Any CPU = Release|Any CPU
	EndGlobalSection
	GlobalSection(ProjectConfigurationPlatforms) = postSolution
		{39F2446B-6905-47B4-8EDD-91B978D6869F}.Debug|Any CPU.ActiveCfg = Debug|Any CPU
		{39F2446B-6905-47B4-8EDD-91B978D6869F}.Debug|Any CPU.Build.0 = Debug|Any CPU
		{39F2446B-6905-47B4-8EDD-91B978D6869F}.Release|Any CPU.ActiveCfg = Release|Any CPU
		{39F2446B-6905-47B4-8EDD-91B978D6869F}.Release|Any CPU.Build.0 = Release|Any CPU
	EndGlobalSection
	GlobalSection(SolutionProperties) = preSolution
		HideSolutionNode = FALSE
	EndGlobalSection
	GlobalSection(ExtensibilityGlobals) = postSolution
		SolutionGuid = {A5FE5636-F202-4C1D-BEB1-E8555E92394F}
	EndGlobalSection
EndGlobal
